
Microsoft Visual Studio Solution File, Format Version 12.00
# Visual Studio Version 16
VisualStudioVersion = 16.0.32901.82
MinimumVisualStudioVersion = 10.0.40219.1
Project("{FAE04EC0-301F-11D3-BF4B-00C04F79EFBC}") = "6", "6\6.csproj", "{3F1B23EC-9BF2-4356-B520-15A44A988BAF}"
EndProject
Global
	GlobalSection(SolutionConfigurationPlatforms) = preSolution
		Debug|Any CPU = Debug|Any CPU
		Release|Any CPU = Release|Any CPU
	EndGlobalSection
	GlobalSection(ProjectConfigurationPlatforms) = postSolution
		{3F1B23EC-9BF2-4356-B520-15A44A988BAF}.Debug|Any CPU.ActiveCfg = Debug|Any CPU
		{3F1B23EC-9BF2-4356-B520-15A44A988BAF}.Debug|Any CPU.Build.0 = Debug|Any CPU
		{3F1B23EC-9BF2-4356-B520-15A44A988BAF}.Release|Any CPU.ActiveCfg = Release|Any CPU
		{3F1B23EC-9BF2-4356-B520-15A44A988BAF}.Release|Any CPU.Build.0 = Release|Any CPU
	EndGlobalSection
	GlobalSection(SolutionProperties) = preSolution
		HideSolutionNode = FALSE
	EndGlobalSection
	GlobalSection(ExtensibilityGlobals) = postSolution
		SolutionGuid = {F042768D-AD28-4B32-AC25-D49488722BDD}
	EndGlobalSection
EndGlobal
