
Microsoft Visual Studio Solution File, Format Version 12.00
# Visual Studio Version 16
VisualStudioVersion = 16.0.32901.82
MinimumVisualStudioVersion = 10.0.40219.1
Project("{FAE04EC0-301F-11D3-BF4B-00C04F79EFBC}") = "4", "4\4.csproj", "{932BA8B8-8E27-4003-A63F-89533108F30C}"
EndProject
Global
	GlobalSection(SolutionConfigurationPlatforms) = preSolution
		Debug|Any CPU = Debug|Any CPU
		Release|Any CPU = Release|Any CPU
	EndGlobalSection
	GlobalSection(ProjectConfigurationPlatforms) = postSolution
		{932BA8B8-8E27-4003-A63F-89533108F30C}.Debug|Any CPU.ActiveCfg = Debug|Any CPU
		{932BA8B8-8E27-4003-A63F-89533108F30C}.Debug|Any CPU.Build.0 = Debug|Any CPU
		{932BA8B8-8E27-4003-A63F-89533108F30C}.Release|Any CPU.ActiveCfg = Release|Any CPU
		{932BA8B8-8E27-4003-A63F-89533108F30C}.Release|Any CPU.Build.0 = Release|Any CPU
	EndGlobalSection
	GlobalSection(SolutionProperties) = preSolution
		HideSolutionNode = FALSE
	EndGlobalSection
	GlobalSection(ExtensibilityGlobals) = postSolution
		SolutionGuid = {94FC74B7-54D9-434D-BA86-801F4E0E3CC9}
	EndGlobalSection
EndGlobal
