
Microsoft Visual Studio Solution File, Format Version 12.00
# Visual Studio Version 16
VisualStudioVersion = 16.0.32901.82
MinimumVisualStudioVersion = 10.0.40219.1
Project("{FAE04EC0-301F-11D3-BF4B-00C04F79EFBC}") = "A", "A\A.csproj", "{A988CB1D-8136-4A69-AC09-76D32F044DF0}"
EndProject
Global
	GlobalSection(SolutionConfigurationPlatforms) = preSolution
		Debug|Any CPU = Debug|Any CPU
		Release|Any CPU = Release|Any CPU
	EndGlobalSection
	GlobalSection(ProjectConfigurationPlatforms) = postSolution
		{A988CB1D-8136-4A69-AC09-76D32F044DF0}.Debug|Any CPU.ActiveCfg = Debug|Any CPU
		{A988CB1D-8136-4A69-AC09-76D32F044DF0}.Debug|Any CPU.Build.0 = Debug|Any CPU
		{A988CB1D-8136-4A69-AC09-76D32F044DF0}.Release|Any CPU.ActiveCfg = Release|Any CPU
		{A988CB1D-8136-4A69-AC09-76D32F044DF0}.Release|Any CPU.Build.0 = Release|Any CPU
	EndGlobalSection
	GlobalSection(SolutionProperties) = preSolution
		HideSolutionNode = FALSE
	EndGlobalSection
	GlobalSection(ExtensibilityGlobals) = postSolution
		SolutionGuid = {92854435-46D5-4DE6-BC3A-AA23F4602957}
	EndGlobalSection
EndGlobal
