
Microsoft Visual Studio Solution File, Format Version 12.00
# Visual Studio Version 16
VisualStudioVersion = 16.0.32901.82
MinimumVisualStudioVersion = 10.0.40219.1
Project("{FAE04EC0-301F-11D3-BF4B-00C04F79EFBC}") = "C", "C\C.csproj", "{032D4C0A-BED9-468A-8E15-EC04F7265FB5}"
EndProject
Global
	GlobalSection(SolutionConfigurationPlatforms) = preSolution
		Debug|Any CPU = Debug|Any CPU
		Release|Any CPU = Release|Any CPU
	EndGlobalSection
	GlobalSection(ProjectConfigurationPlatforms) = postSolution
		{032D4C0A-BED9-468A-8E15-EC04F7265FB5}.Debug|Any CPU.ActiveCfg = Debug|Any CPU
		{032D4C0A-BED9-468A-8E15-EC04F7265FB5}.Debug|Any CPU.Build.0 = Debug|Any CPU
		{032D4C0A-BED9-468A-8E15-EC04F7265FB5}.Release|Any CPU.ActiveCfg = Release|Any CPU
		{032D4C0A-BED9-468A-8E15-EC04F7265FB5}.Release|Any CPU.Build.0 = Release|Any CPU
	EndGlobalSection
	GlobalSection(SolutionProperties) = preSolution
		HideSolutionNode = FALSE
	EndGlobalSection
	GlobalSection(ExtensibilityGlobals) = postSolution
		SolutionGuid = {75F433AE-A3C0-44DE-93C3-A3A314293C29}
	EndGlobalSection
EndGlobal
