
Microsoft Visual Studio Solution File, Format Version 12.00
# Visual Studio Version 16
VisualStudioVersion = 16.0.32901.82
MinimumVisualStudioVersion = 10.0.40219.1
Project("{FAE04EC0-301F-11D3-BF4B-00C04F79EFBC}") = "A", "A\A.csproj", "{D078D3AB-CE16-4741-B851-0F09A2690892}"
EndProject
Global
	GlobalSection(SolutionConfigurationPlatforms) = preSolution
		Debug|Any CPU = Debug|Any CPU
		Release|Any CPU = Release|Any CPU
	EndGlobalSection
	GlobalSection(ProjectConfigurationPlatforms) = postSolution
		{D078D3AB-CE16-4741-B851-0F09A2690892}.Debug|Any CPU.ActiveCfg = Debug|Any CPU
		{D078D3AB-CE16-4741-B851-0F09A2690892}.Debug|Any CPU.Build.0 = Debug|Any CPU
		{D078D3AB-CE16-4741-B851-0F09A2690892}.Release|Any CPU.ActiveCfg = Release|Any CPU
		{D078D3AB-CE16-4741-B851-0F09A2690892}.Release|Any CPU.Build.0 = Release|Any CPU
	EndGlobalSection
	GlobalSection(SolutionProperties) = preSolution
		HideSolutionNode = FALSE
	EndGlobalSection
	GlobalSection(ExtensibilityGlobals) = postSolution
		SolutionGuid = {03CBFDB7-46A3-423B-A441-27451A71C7CB}
	EndGlobalSection
EndGlobal
