
Microsoft Visual Studio Solution File, Format Version 12.00
# Visual Studio Version 16
VisualStudioVersion = 16.0.32901.82
MinimumVisualStudioVersion = 10.0.40219.1
Project("{FAE04EC0-301F-11D3-BF4B-00C04F79EFBC}") = "A", "A\A.csproj", "{FF1F7131-A6EF-4278-BB4B-D3011DBF899A}"
EndProject
Global
	GlobalSection(SolutionConfigurationPlatforms) = preSolution
		Debug|Any CPU = Debug|Any CPU
		Release|Any CPU = Release|Any CPU
	EndGlobalSection
	GlobalSection(ProjectConfigurationPlatforms) = postSolution
		{FF1F7131-A6EF-4278-BB4B-D3011DBF899A}.Debug|Any CPU.ActiveCfg = Debug|Any CPU
		{FF1F7131-A6EF-4278-BB4B-D3011DBF899A}.Debug|Any CPU.Build.0 = Debug|Any CPU
		{FF1F7131-A6EF-4278-BB4B-D3011DBF899A}.Release|Any CPU.ActiveCfg = Release|Any CPU
		{FF1F7131-A6EF-4278-BB4B-D3011DBF899A}.Release|Any CPU.Build.0 = Release|Any CPU
	EndGlobalSection
	GlobalSection(SolutionProperties) = preSolution
		HideSolutionNode = FALSE
	EndGlobalSection
	GlobalSection(ExtensibilityGlobals) = postSolution
		SolutionGuid = {6565152A-0666-4DC3-B435-14E5BBACE925}
	EndGlobalSection
EndGlobal
