
Microsoft Visual Studio Solution File, Format Version 12.00
# Visual Studio Version 16
VisualStudioVersion = 16.0.32901.82
MinimumVisualStudioVersion = 10.0.40219.1
Project("{FAE04EC0-301F-11D3-BF4B-00C04F79EFBC}") = "Q2", "Q2\Q2.csproj", "{A2050E74-99C9-4AB2-8791-94098E9C0ECD}"
EndProject
Global
	GlobalSection(SolutionConfigurationPlatforms) = preSolution
		Debug|Any CPU = Debug|Any CPU
		Release|Any CPU = Release|Any CPU
	EndGlobalSection
	GlobalSection(ProjectConfigurationPlatforms) = postSolution
		{A2050E74-99C9-4AB2-8791-94098E9C0ECD}.Debug|Any CPU.ActiveCfg = Debug|Any CPU
		{A2050E74-99C9-4AB2-8791-94098E9C0ECD}.Debug|Any CPU.Build.0 = Debug|Any CPU
		{A2050E74-99C9-4AB2-8791-94098E9C0ECD}.Release|Any CPU.ActiveCfg = Release|Any CPU
		{A2050E74-99C9-4AB2-8791-94098E9C0ECD}.Release|Any CPU.Build.0 = Release|Any CPU
	EndGlobalSection
	GlobalSection(SolutionProperties) = preSolution
		HideSolutionNode = FALSE
	EndGlobalSection
	GlobalSection(ExtensibilityGlobals) = postSolution
		SolutionGuid = {D8767DF5-E1C1-4681-A357-A27BFA8803D0}
	EndGlobalSection
EndGlobal
