
Microsoft Visual Studio Solution File, Format Version 12.00
# Visual Studio Version 16
VisualStudioVersion = 16.0.32901.82
MinimumVisualStudioVersion = 10.0.40219.1
Project("{FAE04EC0-301F-11D3-BF4B-00C04F79EFBC}") = "5", "5\5.csproj", "{88680451-D5A5-4431-8B2B-FC81435EF23E}"
EndProject
Global
	GlobalSection(SolutionConfigurationPlatforms) = preSolution
		Debug|Any CPU = Debug|Any CPU
		Release|Any CPU = Release|Any CPU
	EndGlobalSection
	GlobalSection(ProjectConfigurationPlatforms) = postSolution
		{88680451-D5A5-4431-8B2B-FC81435EF23E}.Debug|Any CPU.ActiveCfg = Debug|Any CPU
		{88680451-D5A5-4431-8B2B-FC81435EF23E}.Debug|Any CPU.Build.0 = Debug|Any CPU
		{88680451-D5A5-4431-8B2B-FC81435EF23E}.Release|Any CPU.ActiveCfg = Release|Any CPU
		{88680451-D5A5-4431-8B2B-FC81435EF23E}.Release|Any CPU.Build.0 = Release|Any CPU
	EndGlobalSection
	GlobalSection(SolutionProperties) = preSolution
		HideSolutionNode = FALSE
	EndGlobalSection
	GlobalSection(ExtensibilityGlobals) = postSolution
		SolutionGuid = {6E399E4A-3086-4931-B787-A9C4811B1862}
	EndGlobalSection
EndGlobal
