
Microsoft Visual Studio Solution File, Format Version 12.00
# Visual Studio Version 16
VisualStudioVersion = 16.0.32901.82
MinimumVisualStudioVersion = 10.0.40219.1
Project("{FAE04EC0-301F-11D3-BF4B-00C04F79EFBC}") = "3", "3\3.csproj", "{B8F4A50C-59B0-43D7-B73F-5D850DA804C9}"
EndProject
Global
	GlobalSection(SolutionConfigurationPlatforms) = preSolution
		Debug|Any CPU = Debug|Any CPU
		Release|Any CPU = Release|Any CPU
	EndGlobalSection
	GlobalSection(ProjectConfigurationPlatforms) = postSolution
		{B8F4A50C-59B0-43D7-B73F-5D850DA804C9}.Debug|Any CPU.ActiveCfg = Debug|Any CPU
		{B8F4A50C-59B0-43D7-B73F-5D850DA804C9}.Debug|Any CPU.Build.0 = Debug|Any CPU
		{B8F4A50C-59B0-43D7-B73F-5D850DA804C9}.Release|Any CPU.ActiveCfg = Release|Any CPU
		{B8F4A50C-59B0-43D7-B73F-5D850DA804C9}.Release|Any CPU.Build.0 = Release|Any CPU
	EndGlobalSection
	GlobalSection(SolutionProperties) = preSolution
		HideSolutionNode = FALSE
	EndGlobalSection
	GlobalSection(ExtensibilityGlobals) = postSolution
		SolutionGuid = {9FED87FA-615D-42FE-9D67-44F43E3A05CB}
	EndGlobalSection
EndGlobal
