
Microsoft Visual Studio Solution File, Format Version 12.00
# Visual Studio Version 16
VisualStudioVersion = 16.0.32901.82
MinimumVisualStudioVersion = 10.0.40219.1
Project("{FAE04EC0-301F-11D3-BF4B-00C04F79EFBC}") = "2", "2\2.csproj", "{1799228B-D957-4796-ACD8-80729F1FF24C}"
EndProject
Global
	GlobalSection(SolutionConfigurationPlatforms) = preSolution
		Debug|Any CPU = Debug|Any CPU
		Release|Any CPU = Release|Any CPU
	EndGlobalSection
	GlobalSection(ProjectConfigurationPlatforms) = postSolution
		{1799228B-D957-4796-ACD8-80729F1FF24C}.Debug|Any CPU.ActiveCfg = Debug|Any CPU
		{1799228B-D957-4796-ACD8-80729F1FF24C}.Debug|Any CPU.Build.0 = Debug|Any CPU
		{1799228B-D957-4796-ACD8-80729F1FF24C}.Release|Any CPU.ActiveCfg = Release|Any CPU
		{1799228B-D957-4796-ACD8-80729F1FF24C}.Release|Any CPU.Build.0 = Release|Any CPU
	EndGlobalSection
	GlobalSection(SolutionProperties) = preSolution
		HideSolutionNode = FALSE
	EndGlobalSection
	GlobalSection(ExtensibilityGlobals) = postSolution
		SolutionGuid = {E3B1F332-2F11-4372-B877-CAA156D1F983}
	EndGlobalSection
EndGlobal
