
Microsoft Visual Studio Solution File, Format Version 12.00
# Visual Studio Version 16
VisualStudioVersion = 16.0.32901.82
MinimumVisualStudioVersion = 10.0.40219.1
Project("{FAE04EC0-301F-11D3-BF4B-00C04F79EFBC}") = "5", "5\5.csproj", "{79D4A496-CBD3-4DBA-A34B-CE390EF18127}"
EndProject
Global
	GlobalSection(SolutionConfigurationPlatforms) = preSolution
		Debug|Any CPU = Debug|Any CPU
		Release|Any CPU = Release|Any CPU
	EndGlobalSection
	GlobalSection(ProjectConfigurationPlatforms) = postSolution
		{79D4A496-CBD3-4DBA-A34B-CE390EF18127}.Debug|Any CPU.ActiveCfg = Debug|Any CPU
		{79D4A496-CBD3-4DBA-A34B-CE390EF18127}.Debug|Any CPU.Build.0 = Debug|Any CPU
		{79D4A496-CBD3-4DBA-A34B-CE390EF18127}.Release|Any CPU.ActiveCfg = Release|Any CPU
		{79D4A496-CBD3-4DBA-A34B-CE390EF18127}.Release|Any CPU.Build.0 = Release|Any CPU
	EndGlobalSection
	GlobalSection(SolutionProperties) = preSolution
		HideSolutionNode = FALSE
	EndGlobalSection
	GlobalSection(ExtensibilityGlobals) = postSolution
		SolutionGuid = {FF441AAB-27DF-4891-A26D-D624877CE007}
	EndGlobalSection
EndGlobal
