
Microsoft Visual Studio Solution File, Format Version 12.00
# Visual Studio Version 16
VisualStudioVersion = 16.0.32901.82
MinimumVisualStudioVersion = 10.0.40219.1
Project("{FAE04EC0-301F-11D3-BF4B-00C04F79EFBC}") = "C", "C\C.csproj", "{666A5268-9DD2-44F3-B4A2-5513CF413D5C}"
EndProject
Global
	GlobalSection(SolutionConfigurationPlatforms) = preSolution
		Debug|Any CPU = Debug|Any CPU
		Release|Any CPU = Release|Any CPU
	EndGlobalSection
	GlobalSection(ProjectConfigurationPlatforms) = postSolution
		{666A5268-9DD2-44F3-B4A2-5513CF413D5C}.Debug|Any CPU.ActiveCfg = Debug|Any CPU
		{666A5268-9DD2-44F3-B4A2-5513CF413D5C}.Debug|Any CPU.Build.0 = Debug|Any CPU
		{666A5268-9DD2-44F3-B4A2-5513CF413D5C}.Release|Any CPU.ActiveCfg = Release|Any CPU
		{666A5268-9DD2-44F3-B4A2-5513CF413D5C}.Release|Any CPU.Build.0 = Release|Any CPU
	EndGlobalSection
	GlobalSection(SolutionProperties) = preSolution
		HideSolutionNode = FALSE
	EndGlobalSection
	GlobalSection(ExtensibilityGlobals) = postSolution
		SolutionGuid = {8C201B61-6D5D-4101-9B3A-FB1B73AA9686}
	EndGlobalSection
EndGlobal
