
Microsoft Visual Studio Solution File, Format Version 12.00
# Visual Studio Version 16
VisualStudioVersion = 16.0.32901.82
MinimumVisualStudioVersion = 10.0.40219.1
Project("{FAE04EC0-301F-11D3-BF4B-00C04F79EFBC}") = "A", "A\A.csproj", "{6BE33942-FB10-4498-B585-C0DE30AF20CA}"
EndProject
Global
	GlobalSection(SolutionConfigurationPlatforms) = preSolution
		Debug|Any CPU = Debug|Any CPU
		Release|Any CPU = Release|Any CPU
	EndGlobalSection
	GlobalSection(ProjectConfigurationPlatforms) = postSolution
		{6BE33942-FB10-4498-B585-C0DE30AF20CA}.Debug|Any CPU.ActiveCfg = Debug|Any CPU
		{6BE33942-FB10-4498-B585-C0DE30AF20CA}.Debug|Any CPU.Build.0 = Debug|Any CPU
		{6BE33942-FB10-4498-B585-C0DE30AF20CA}.Release|Any CPU.ActiveCfg = Release|Any CPU
		{6BE33942-FB10-4498-B585-C0DE30AF20CA}.Release|Any CPU.Build.0 = Release|Any CPU
	EndGlobalSection
	GlobalSection(SolutionProperties) = preSolution
		HideSolutionNode = FALSE
	EndGlobalSection
	GlobalSection(ExtensibilityGlobals) = postSolution
		SolutionGuid = {5B09718B-7056-49A8-9C7F-8B42F9E1EA1D}
	EndGlobalSection
EndGlobal
