
Microsoft Visual Studio Solution File, Format Version 12.00
# Visual Studio Version 16
VisualStudioVersion = 16.0.32901.82
MinimumVisualStudioVersion = 10.0.40219.1
Project("{FAE04EC0-301F-11D3-BF4B-00C04F79EFBC}") = "4", "4\4.csproj", "{BB7F707A-4275-4535-85E0-C33DBC6486D4}"
EndProject
Global
	GlobalSection(SolutionConfigurationPlatforms) = preSolution
		Debug|Any CPU = Debug|Any CPU
		Release|Any CPU = Release|Any CPU
	EndGlobalSection
	GlobalSection(ProjectConfigurationPlatforms) = postSolution
		{BB7F707A-4275-4535-85E0-C33DBC6486D4}.Debug|Any CPU.ActiveCfg = Debug|Any CPU
		{BB7F707A-4275-4535-85E0-C33DBC6486D4}.Debug|Any CPU.Build.0 = Debug|Any CPU
		{BB7F707A-4275-4535-85E0-C33DBC6486D4}.Release|Any CPU.ActiveCfg = Release|Any CPU
		{BB7F707A-4275-4535-85E0-C33DBC6486D4}.Release|Any CPU.Build.0 = Release|Any CPU
	EndGlobalSection
	GlobalSection(SolutionProperties) = preSolution
		HideSolutionNode = FALSE
	EndGlobalSection
	GlobalSection(ExtensibilityGlobals) = postSolution
		SolutionGuid = {73F5F5C6-3A04-4CF7-BDFE-7AE749FF52B0}
	EndGlobalSection
EndGlobal
