
Microsoft Visual Studio Solution File, Format Version 12.00
# Visual Studio Version 16
VisualStudioVersion = 16.0.32901.82
MinimumVisualStudioVersion = 10.0.40219.1
Project("{FAE04EC0-301F-11D3-BF4B-00C04F79EFBC}") = "E", "E\E.csproj", "{35037FE9-3D85-436F-893E-24D7F6E8DB92}"
EndProject
Global
	GlobalSection(SolutionConfigurationPlatforms) = preSolution
		Debug|Any CPU = Debug|Any CPU
		Release|Any CPU = Release|Any CPU
	EndGlobalSection
	GlobalSection(ProjectConfigurationPlatforms) = postSolution
		{35037FE9-3D85-436F-893E-24D7F6E8DB92}.Debug|Any CPU.ActiveCfg = Debug|Any CPU
		{35037FE9-3D85-436F-893E-24D7F6E8DB92}.Debug|Any CPU.Build.0 = Debug|Any CPU
		{35037FE9-3D85-436F-893E-24D7F6E8DB92}.Release|Any CPU.ActiveCfg = Release|Any CPU
		{35037FE9-3D85-436F-893E-24D7F6E8DB92}.Release|Any CPU.Build.0 = Release|Any CPU
	EndGlobalSection
	GlobalSection(SolutionProperties) = preSolution
		HideSolutionNode = FALSE
	EndGlobalSection
	GlobalSection(ExtensibilityGlobals) = postSolution
		SolutionGuid = {3A1E64FF-628C-4A0C-852B-1F37C362A883}
	EndGlobalSection
EndGlobal
